
Microsoft Visual Studio Solution File, Format Version 12.00
Project("{2150E333-8FDC-42A3-9474-1A3956D46DE8}") = "Singleton", "Singleton", "{8825636C-5AA5-42B4-9D66-7DF79FD12B9E}"
EndProject
Project("{FAE04EC0-301F-11D3-BF4B-00C04F79EFBC}") = "Singleton", "Creational\Singleton\Singleton.csproj", "{6443EC91-6D1C-418A-AAA3-8A3D30F31E50}"
EndProject
Project("{2150E333-8FDC-42A3-9474-1A3956D46DE8}") = "Builder", "Builder", "{8CD13931-1E06-43F8-A7E0-30B2953F1DDE}"
EndProject
Project("{FAE04EC0-301F-11D3-BF4B-00C04F79EFBC}") = "Builder", "Creational\Builder\Builder.csproj", "{3A1C197B-0E2F-4E67-81DD-DA6DBC41D6AB}"
EndProject
Project("{2150E333-8FDC-42A3-9474-1A3956D46DE8}") = "Prototype", "Prototype", "{92F2FA5E-4F9C-4147-8C68-2043500C72FD}"
EndProject
Project("{FAE04EC0-301F-11D3-BF4B-00C04F79EFBC}") = "Prototype", "Creational\Prototype\Prototype.csproj", "{C82B46FE-1C57-4E75-8B2C-64938E2366B7}"
EndProject
Project("{2150E333-8FDC-42A3-9474-1A3956D46DE8}") = "FactoryMethod", "FactoryMethod", "{9512CDC7-0839-4040-B621-79ED11EC9DBF}"
EndProject
Project("{FAE04EC0-301F-11D3-BF4B-00C04F79EFBC}") = "FactoryMethod", "Creational\FactoryMethod\FactoryMethod.csproj", "{55AECDF6-4FC7-4826-B1B4-E78B84DD6253}"
EndProject
Project("{2150E333-8FDC-42A3-9474-1A3956D46DE8}") = "Proxy", "Proxy", "{7522E559-1252-4DDA-B4B2-B1D93F1EA7E7}"
EndProject
Project("{FAE04EC0-301F-11D3-BF4B-00C04F79EFBC}") = "Proxy", "Structural\Proxy\Proxy.csproj", "{A879E5E7-45F4-42B4-BE84-256B71125F48}"
EndProject
Project("{2150E333-8FDC-42A3-9474-1A3956D46DE8}") = "Adapter", "Adapter", "{25B8F52C-E634-4202-86D1-05343BF4758C}"
EndProject
Project("{FAE04EC0-301F-11D3-BF4B-00C04F79EFBC}") = "Adapter", "Structural\Adapter\Adapter.csproj", "{485B1379-BB10-408A-8782-9D2BB8429DD0}"
EndProject
Project("{2150E333-8FDC-42A3-9474-1A3956D46DE8}") = "Facade", "Facade", "{5A91564F-C230-4BA6-B5E6-18ACB77D3A8F}"
EndProject
Project("{FAE04EC0-301F-11D3-BF4B-00C04F79EFBC}") = "Facade", "Structural\Facade\Facade.csproj", "{2A4F15A4-5764-4BE5-9D74-72B7B0B0396E}"
EndProject
Project("{2150E333-8FDC-42A3-9474-1A3956D46DE8}") = "Composite", "Composite", "{F7529B33-9536-4843-B95E-44AB1E0F1416}"
EndProject
Project("{FAE04EC0-301F-11D3-BF4B-00C04F79EFBC}") = "Composite", "Structural\Composite\Composite.csproj", "{7D6B4E02-6D01-4CCC-B712-47E272BBC096}"
EndProject
Project("{2150E333-8FDC-42A3-9474-1A3956D46DE8}") = "Decorator", "Decorator", "{E468C67A-4EC4-446D-8DB4-E38F1BA2D0AE}"
EndProject
Project("{FAE04EC0-301F-11D3-BF4B-00C04F79EFBC}") = "Decorator", "Structural\Decorator\Decorator.csproj", "{541DD8AF-77F1-4F48-8EEF-A99BD05F69A7}"
EndProject
Project("{2150E333-8FDC-42A3-9474-1A3956D46DE8}") = "Bridge", "Bridge", "{C3ABE9D2-771A-4CC8-BA35-C52785E5D9F0}"
EndProject
Project("{FAE04EC0-301F-11D3-BF4B-00C04F79EFBC}") = "Bridge", "Structural\Bridge\Bridge.csproj", "{7B20110C-1097-4EE9-9798-9EF83C6FB6C0}"
EndProject
Project("{2150E333-8FDC-42A3-9474-1A3956D46DE8}") = "Creational", "Creational", "{76FC82FE-1C56-4334-8096-BE7409470477}"
EndProject
Project("{2150E333-8FDC-42A3-9474-1A3956D46DE8}") = "Structural", "Structural", "{4CF74C88-2E86-4A5E-BF2A-DC221AD00108}"
EndProject
Project("{2150E333-8FDC-42A3-9474-1A3956D46DE8}") = "Behavioral", "Behavioral", "{3F4277D1-C535-44FB-8CA9-214349C2E24D}"
EndProject
Project("{2150E333-8FDC-42A3-9474-1A3956D46DE8}") = "Observer", "Behavioral\Observer", "{182F3BFE-8D8D-4C06-80FC-6C970E63FCDC}"
EndProject
Project("{FAE04EC0-301F-11D3-BF4B-00C04F79EFBC}") = "Observer", "Behavioral\Observer\Observer.csproj", "{E667EDF8-74E6-4100-B22C-9544E81592CD}"
EndProject
Project("{2150E333-8FDC-42A3-9474-1A3956D46DE8}") = "AbstractFactory", "AbstractFactory", "{9F3EEE3D-32CD-4327-8A43-DF98CF724AE5}"
EndProject
Project("{FAE04EC0-301F-11D3-BF4B-00C04F79EFBC}") = "AbstractFactory", "Creational\AbstractFactory\AbstractFactory.csproj", "{705CE798-D689-4F32-BDA8-D3447C32B3AE}"
EndProject
Project("{2150E333-8FDC-42A3-9474-1A3956D46DE8}") = "Visitor", "Visitor", "{B393EB83-8BB3-4E5E-8082-B39791B8937D}"
EndProject
Project("{FAE04EC0-301F-11D3-BF4B-00C04F79EFBC}") = "Visitor", "Behavioral\Visitor\Visitor\Visitor.csproj", "{2DA1832D-A35E-42DA-8199-5E295A11150F}"
EndProject
Project("{2150E333-8FDC-42A3-9474-1A3956D46DE8}") = "Interpreter", "Interpreter", "{283123FD-A765-4509-815C-514B9CF8156B}"
EndProject
Project("{FAE04EC0-301F-11D3-BF4B-00C04F79EFBC}") = "Interpreter", "Behavioral\Interpreter\Interpreter.csproj", "{6BA1896B-C637-4703-9B80-CAD993CA42D6}"
EndProject
Global
	GlobalSection(SolutionConfigurationPlatforms) = preSolution
		Debug|Any CPU = Debug|Any CPU
		Release|Any CPU = Release|Any CPU
	EndGlobalSection
	GlobalSection(NestedProjects) = preSolution
		{6443EC91-6D1C-418A-AAA3-8A3D30F31E50} = {8825636C-5AA5-42B4-9D66-7DF79FD12B9E}
		{3A1C197B-0E2F-4E67-81DD-DA6DBC41D6AB} = {8CD13931-1E06-43F8-A7E0-30B2953F1DDE}
		{C82B46FE-1C57-4E75-8B2C-64938E2366B7} = {92F2FA5E-4F9C-4147-8C68-2043500C72FD}
		{55AECDF6-4FC7-4826-B1B4-E78B84DD6253} = {9512CDC7-0839-4040-B621-79ED11EC9DBF}
		{A879E5E7-45F4-42B4-BE84-256B71125F48} = {7522E559-1252-4DDA-B4B2-B1D93F1EA7E7}
		{485B1379-BB10-408A-8782-9D2BB8429DD0} = {25B8F52C-E634-4202-86D1-05343BF4758C}
		{2A4F15A4-5764-4BE5-9D74-72B7B0B0396E} = {5A91564F-C230-4BA6-B5E6-18ACB77D3A8F}
		{7D6B4E02-6D01-4CCC-B712-47E272BBC096} = {F7529B33-9536-4843-B95E-44AB1E0F1416}
		{541DD8AF-77F1-4F48-8EEF-A99BD05F69A7} = {E468C67A-4EC4-446D-8DB4-E38F1BA2D0AE}
		{7B20110C-1097-4EE9-9798-9EF83C6FB6C0} = {C3ABE9D2-771A-4CC8-BA35-C52785E5D9F0}
		{8825636C-5AA5-42B4-9D66-7DF79FD12B9E} = {76FC82FE-1C56-4334-8096-BE7409470477}
		{8CD13931-1E06-43F8-A7E0-30B2953F1DDE} = {76FC82FE-1C56-4334-8096-BE7409470477}
		{92F2FA5E-4F9C-4147-8C68-2043500C72FD} = {76FC82FE-1C56-4334-8096-BE7409470477}
		{9512CDC7-0839-4040-B621-79ED11EC9DBF} = {76FC82FE-1C56-4334-8096-BE7409470477}
		{F7529B33-9536-4843-B95E-44AB1E0F1416} = {4CF74C88-2E86-4A5E-BF2A-DC221AD00108}
		{7522E559-1252-4DDA-B4B2-B1D93F1EA7E7} = {4CF74C88-2E86-4A5E-BF2A-DC221AD00108}
		{5A91564F-C230-4BA6-B5E6-18ACB77D3A8F} = {4CF74C88-2E86-4A5E-BF2A-DC221AD00108}
		{E468C67A-4EC4-446D-8DB4-E38F1BA2D0AE} = {4CF74C88-2E86-4A5E-BF2A-DC221AD00108}
		{C3ABE9D2-771A-4CC8-BA35-C52785E5D9F0} = {4CF74C88-2E86-4A5E-BF2A-DC221AD00108}
		{25B8F52C-E634-4202-86D1-05343BF4758C} = {4CF74C88-2E86-4A5E-BF2A-DC221AD00108}
		{182F3BFE-8D8D-4C06-80FC-6C970E63FCDC} = {3F4277D1-C535-44FB-8CA9-214349C2E24D}
		{E667EDF8-74E6-4100-B22C-9544E81592CD} = {182F3BFE-8D8D-4C06-80FC-6C970E63FCDC}
		{9F3EEE3D-32CD-4327-8A43-DF98CF724AE5} = {76FC82FE-1C56-4334-8096-BE7409470477}
		{705CE798-D689-4F32-BDA8-D3447C32B3AE} = {9F3EEE3D-32CD-4327-8A43-DF98CF724AE5}
		{B393EB83-8BB3-4E5E-8082-B39791B8937D} = {3F4277D1-C535-44FB-8CA9-214349C2E24D}
		{2DA1832D-A35E-42DA-8199-5E295A11150F} = {B393EB83-8BB3-4E5E-8082-B39791B8937D}
		{283123FD-A765-4509-815C-514B9CF8156B} = {3F4277D1-C535-44FB-8CA9-214349C2E24D}
		{6BA1896B-C637-4703-9B80-CAD993CA42D6} = {283123FD-A765-4509-815C-514B9CF8156B}
	EndGlobalSection
	GlobalSection(ProjectConfigurationPlatforms) = postSolution
		{6443EC91-6D1C-418A-AAA3-8A3D30F31E50}.Debug|Any CPU.ActiveCfg = Debug|Any CPU
		{6443EC91-6D1C-418A-AAA3-8A3D30F31E50}.Debug|Any CPU.Build.0 = Debug|Any CPU
		{6443EC91-6D1C-418A-AAA3-8A3D30F31E50}.Release|Any CPU.ActiveCfg = Release|Any CPU
		{6443EC91-6D1C-418A-AAA3-8A3D30F31E50}.Release|Any CPU.Build.0 = Release|Any CPU
		{3A1C197B-0E2F-4E67-81DD-DA6DBC41D6AB}.Debug|Any CPU.ActiveCfg = Debug|Any CPU
		{3A1C197B-0E2F-4E67-81DD-DA6DBC41D6AB}.Debug|Any CPU.Build.0 = Debug|Any CPU
		{3A1C197B-0E2F-4E67-81DD-DA6DBC41D6AB}.Release|Any CPU.ActiveCfg = Release|Any CPU
		{3A1C197B-0E2F-4E67-81DD-DA6DBC41D6AB}.Release|Any CPU.Build.0 = Release|Any CPU
		{C82B46FE-1C57-4E75-8B2C-64938E2366B7}.Debug|Any CPU.ActiveCfg = Debug|Any CPU
		{C82B46FE-1C57-4E75-8B2C-64938E2366B7}.Debug|Any CPU.Build.0 = Debug|Any CPU
		{C82B46FE-1C57-4E75-8B2C-64938E2366B7}.Release|Any CPU.ActiveCfg = Release|Any CPU
		{C82B46FE-1C57-4E75-8B2C-64938E2366B7}.Release|Any CPU.Build.0 = Release|Any CPU
		{55AECDF6-4FC7-4826-B1B4-E78B84DD6253}.Debug|Any CPU.ActiveCfg = Debug|Any CPU
		{55AECDF6-4FC7-4826-B1B4-E78B84DD6253}.Debug|Any CPU.Build.0 = Debug|Any CPU
		{55AECDF6-4FC7-4826-B1B4-E78B84DD6253}.Release|Any CPU.ActiveCfg = Release|Any CPU
		{55AECDF6-4FC7-4826-B1B4-E78B84DD6253}.Release|Any CPU.Build.0 = Release|Any CPU
		{A879E5E7-45F4-42B4-BE84-256B71125F48}.Debug|Any CPU.ActiveCfg = Debug|Any CPU
		{A879E5E7-45F4-42B4-BE84-256B71125F48}.Debug|Any CPU.Build.0 = Debug|Any CPU
		{A879E5E7-45F4-42B4-BE84-256B71125F48}.Release|Any CPU.ActiveCfg = Release|Any CPU
		{A879E5E7-45F4-42B4-BE84-256B71125F48}.Release|Any CPU.Build.0 = Release|Any CPU
		{485B1379-BB10-408A-8782-9D2BB8429DD0}.Debug|Any CPU.ActiveCfg = Debug|Any CPU
		{485B1379-BB10-408A-8782-9D2BB8429DD0}.Debug|Any CPU.Build.0 = Debug|Any CPU
		{485B1379-BB10-408A-8782-9D2BB8429DD0}.Release|Any CPU.ActiveCfg = Release|Any CPU
		{485B1379-BB10-408A-8782-9D2BB8429DD0}.Release|Any CPU.Build.0 = Release|Any CPU
		{2A4F15A4-5764-4BE5-9D74-72B7B0B0396E}.Debug|Any CPU.ActiveCfg = Debug|Any CPU
		{2A4F15A4-5764-4BE5-9D74-72B7B0B0396E}.Debug|Any CPU.Build.0 = Debug|Any CPU
		{2A4F15A4-5764-4BE5-9D74-72B7B0B0396E}.Release|Any CPU.ActiveCfg = Release|Any CPU
		{2A4F15A4-5764-4BE5-9D74-72B7B0B0396E}.Release|Any CPU.Build.0 = Release|Any CPU
		{7D6B4E02-6D01-4CCC-B712-47E272BBC096}.Debug|Any CPU.ActiveCfg = Debug|Any CPU
		{7D6B4E02-6D01-4CCC-B712-47E272BBC096}.Debug|Any CPU.Build.0 = Debug|Any CPU
		{7D6B4E02-6D01-4CCC-B712-47E272BBC096}.Release|Any CPU.ActiveCfg = Release|Any CPU
		{7D6B4E02-6D01-4CCC-B712-47E272BBC096}.Release|Any CPU.Build.0 = Release|Any CPU
		{541DD8AF-77F1-4F48-8EEF-A99BD05F69A7}.Debug|Any CPU.ActiveCfg = Debug|Any CPU
		{541DD8AF-77F1-4F48-8EEF-A99BD05F69A7}.Debug|Any CPU.Build.0 = Debug|Any CPU
		{541DD8AF-77F1-4F48-8EEF-A99BD05F69A7}.Release|Any CPU.ActiveCfg = Release|Any CPU
		{541DD8AF-77F1-4F48-8EEF-A99BD05F69A7}.Release|Any CPU.Build.0 = Release|Any CPU
		{7B20110C-1097-4EE9-9798-9EF83C6FB6C0}.Debug|Any CPU.ActiveCfg = Debug|Any CPU
		{7B20110C-1097-4EE9-9798-9EF83C6FB6C0}.Debug|Any CPU.Build.0 = Debug|Any CPU
		{7B20110C-1097-4EE9-9798-9EF83C6FB6C0}.Release|Any CPU.ActiveCfg = Release|Any CPU
		{7B20110C-1097-4EE9-9798-9EF83C6FB6C0}.Release|Any CPU.Build.0 = Release|Any CPU
		{E667EDF8-74E6-4100-B22C-9544E81592CD}.Debug|Any CPU.ActiveCfg = Debug|Any CPU
		{E667EDF8-74E6-4100-B22C-9544E81592CD}.Debug|Any CPU.Build.0 = Debug|Any CPU
		{E667EDF8-74E6-4100-B22C-9544E81592CD}.Release|Any CPU.ActiveCfg = Release|Any CPU
		{E667EDF8-74E6-4100-B22C-9544E81592CD}.Release|Any CPU.Build.0 = Release|Any CPU
		{705CE798-D689-4F32-BDA8-D3447C32B3AE}.Debug|Any CPU.ActiveCfg = Debug|Any CPU
		{705CE798-D689-4F32-BDA8-D3447C32B3AE}.Debug|Any CPU.Build.0 = Debug|Any CPU
		{705CE798-D689-4F32-BDA8-D3447C32B3AE}.Release|Any CPU.ActiveCfg = Release|Any CPU
		{705CE798-D689-4F32-BDA8-D3447C32B3AE}.Release|Any CPU.Build.0 = Release|Any CPU
		{2DA1832D-A35E-42DA-8199-5E295A11150F}.Debug|Any CPU.ActiveCfg = Debug|Any CPU
		{2DA1832D-A35E-42DA-8199-5E295A11150F}.Debug|Any CPU.Build.0 = Debug|Any CPU
		{2DA1832D-A35E-42DA-8199-5E295A11150F}.Release|Any CPU.ActiveCfg = Release|Any CPU
		{2DA1832D-A35E-42DA-8199-5E295A11150F}.Release|Any CPU.Build.0 = Release|Any CPU
		{6BA1896B-C637-4703-9B80-CAD993CA42D6}.Debug|Any CPU.ActiveCfg = Debug|Any CPU
		{6BA1896B-C637-4703-9B80-CAD993CA42D6}.Debug|Any CPU.Build.0 = Debug|Any CPU
		{6BA1896B-C637-4703-9B80-CAD993CA42D6}.Release|Any CPU.ActiveCfg = Release|Any CPU
		{6BA1896B-C637-4703-9B80-CAD993CA42D6}.Release|Any CPU.Build.0 = Release|Any CPU
	EndGlobalSection
EndGlobal
